{
  "lockfileVersion": 1,
  "configVersion": 1,
  "workspaces": {
    "": {
      "name": "@pocket-tui/workspace",
      "devDependencies": {
        "typescript": "^5.9.0",
      },
    },
    "examples/basic": {
      "name": "@pocket-tui/example-basic",
      "dependencies": {
        "@pocket-tui/core": "workspace:*",
      },
    },
    "packages/core": {
      "name": "@pocket-tui/core",
      "version": "0.1.0",
    },
  },
  "packages": {
    "@pocket-tui/core": ["@pocket-tui/core@workspace:packages/core"],

    "@pocket-tui/example-basic": ["@pocket-tui/example-basic@workspace:examples/basic"],

    "typescript": ["typescript@5.9.3", "", { "bin": { "tsc": "bin/tsc", "tsserver": "bin/tsserver" } }, "sha512-jl1vZzPDinLr9eUt3J/t7V6FgNEw9QjvBPdysz9KfQDD41fQrC2Y4vKQdiaUpFT4bXlb1RHhLpp8wtm6M5TgSw=="],
  }
}
